
Microsoft Visual Studio Solution File, Format Version 12.00
# Visual Studio Version 17
VisualStudioVersion = 17.11.35327.3
MinimumVisualStudioVersion = 10.0.40219.1
Project("{FAE04EC0-301F-11D3-BF4B-00C04F79EFBC}") = "QuanLyNhaThuoc", "QuanLyNhaThuoc\QuanLyNhaThuoc.csproj", "{99291987-21E0-46E8-8BE4-9EEDF4A43036}"
EndProject
Global
	GlobalSection(SolutionConfigurationPlatforms) = preSolution
		Debug|Any CPU = Debug|Any CPU
		Release|Any CPU = Release|Any CPU
	EndGlobalSection
	GlobalSection(ProjectConfigurationPlatforms) = postSolution
		{99291987-21E0-46E8-8BE4-9EEDF4A43036}.Debug|Any CPU.ActiveCfg = Debug|Any CPU
		{99291987-21E0-46E8-8BE4-9EEDF4A43036}.Debug|Any CPU.Build.0 = Debug|Any CPU
		{99291987-21E0-46E8-8BE4-9EEDF4A43036}.Release|Any CPU.ActiveCfg = Release|Any CPU
		{99291987-21E0-46E8-8BE4-9EEDF4A43036}.Release|Any CPU.Build.0 = Release|Any CPU
	EndGlobalSection
	GlobalSection(SolutionProperties) = preSolution
		HideSolutionNode = FALSE
	EndGlobalSection
	GlobalSection(ExtensibilityGlobals) = postSolution
		SolutionGuid = {D54E8148-AEF2-45A7-BEE4-438AF7A58F79}
	EndGlobalSection
EndGlobal
